
Microsoft Visual Studio Solution File, Format Version 12.00
# Visual Studio Version 16
VisualStudioVersion = 16.0.29905.134
MinimumVisualStudioVersion = 10.0.40219.1
Project("{FAE04EC0-301F-11D3-BF4B-00C04F79EFBC}") = "App1.Android", "App1\App1.Android\App1.Android.csproj", "{189DE838-5B13-4463-8DCC-C1C182045D34}"
EndProject
Project("{FAE04EC0-301F-11D3-BF4B-00C04F79EFBC}") = "App1.iOS", "App1\App1.iOS\App1.iOS.csproj", "{7B8C7D75-0938-4888-875A-90E3099505CB}"
EndProject
Project("{FAE04EC0-301F-11D3-BF4B-00C04F79EFBC}") = "App1", "App1\App1\App1.csproj", "{81DF1CCF-E565-44C8-BF63-16F3A64DB1D1}"
EndProject
Global
	GlobalSection(SolutionConfigurationPlatforms) = preSolution
		Debug|Any CPU = Debug|Any CPU
		Debug|iPhone = Debug|iPhone
		Debug|iPhoneSimulator = Debug|iPhoneSimulator
		Release|Any CPU = Release|Any CPU
		Release|iPhone = Release|iPhone
		Release|iPhoneSimulator = Release|iPhoneSimulator
	EndGlobalSection
	GlobalSection(ProjectConfigurationPlatforms) = postSolution
		{189DE838-5B13-4463-8DCC-C1C182045D34}.Debug|Any CPU.ActiveCfg = Debug|Any CPU
		{189DE838-5B13-4463-8DCC-C1C182045D34}.Debug|Any CPU.Build.0 = Debug|Any CPU
		{189DE838-5B13-4463-8DCC-C1C182045D34}.Debug|Any CPU.Deploy.0 = Debug|Any CPU
		{189DE838-5B13-4463-8DCC-C1C182045D34}.Debug|iPhone.ActiveCfg = Debug|Any CPU
		{189DE838-5B13-4463-8DCC-C1C182045D34}.Debug|iPhone.Build.0 = Debug|Any CPU
		{189DE838-5B13-4463-8DCC-C1C182045D34}.Debug|iPhone.Deploy.0 = Debug|Any CPU
		{189DE838-5B13-4463-8DCC-C1C182045D34}.Debug|iPhoneSimulator.ActiveCfg = Debug|Any CPU
		{189DE838-5B13-4463-8DCC-C1C182045D34}.Debug|iPhoneSimulator.Build.0 = Debug|Any CPU
		{189DE838-5B13-4463-8DCC-C1C182045D34}.Debug|iPhoneSimulator.Deploy.0 = Debug|Any CPU
		{189DE838-5B13-4463-8DCC-C1C182045D34}.Release|Any CPU.ActiveCfg = Release|Any CPU
		{189DE838-5B13-4463-8DCC-C1C182045D34}.Release|Any CPU.Build.0 = Release|Any CPU
		{189DE838-5B13-4463-8DCC-C1C182045D34}.Release|Any CPU.Deploy.0 = Release|Any CPU
		{189DE838-5B13-4463-8DCC-C1C182045D34}.Release|iPhone.ActiveCfg = Release|Any CPU
		{189DE838-5B13-4463-8DCC-C1C182045D34}.Release|iPhone.Build.0 = Release|Any CPU
		{189DE838-5B13-4463-8DCC-C1C182045D34}.Release|iPhone.Deploy.0 = Release|Any CPU
		{189DE838-5B13-4463-8DCC-C1C182045D34}.Release|iPhoneSimulator.ActiveCfg = Release|Any CPU
		{189DE838-5B13-4463-8DCC-C1C182045D34}.Release|iPhoneSimulator.Build.0 = Release|Any CPU
		{189DE838-5B13-4463-8DCC-C1C182045D34}.Release|iPhoneSimulator.Deploy.0 = Release|Any CPU
		{7B8C7D75-0938-4888-875A-90E3099505CB}.Debug|Any CPU.ActiveCfg = Debug|iPhoneSimulator
		{7B8C7D75-0938-4888-875A-90E3099505CB}.Debug|Any CPU.Build.0 = Debug|iPhoneSimulator
		{7B8C7D75-0938-4888-875A-90E3099505CB}.Debug|Any CPU.Deploy.0 = Debug|iPhoneSimulator
		{7B8C7D75-0938-4888-875A-90E3099505CB}.Debug|iPhone.ActiveCfg = Debug|iPhone
		{7B8C7D75-0938-4888-875A-90E3099505CB}.Debug|iPhone.Build.0 = Debug|iPhone
		{7B8C7D75-0938-4888-875A-90E3099505CB}.Debug|iPhone.Deploy.0 = Debug|iPhone
		{7B8C7D75-0938-4888-875A-90E3099505CB}.Debug|iPhoneSimulator.ActiveCfg = Debug|iPhoneSimulator
		{7B8C7D75-0938-4888-875A-90E3099505CB}.Debug|iPhoneSimulator.Build.0 = Debug|iPhoneSimulator
		{7B8C7D75-0938-4888-875A-90E3099505CB}.Debug|iPhoneSimulator.Deploy.0 = Debug|iPhoneSimulator
		{7B8C7D75-0938-4888-875A-90E3099505CB}.Release|Any CPU.ActiveCfg = Release|iPhone
		{7B8C7D75-0938-4888-875A-90E3099505CB}.Release|Any CPU.Build.0 = Release|iPhone
		{7B8C7D75-0938-4888-875A-90E3099505CB}.Release|Any CPU.Deploy.0 = Release|iPhone
		{7B8C7D75-0938-4888-875A-90E3099505CB}.Release|iPhone.ActiveCfg = Release|iPhone
		{7B8C7D75-0938-4888-875A-90E3099505CB}.Release|iPhone.Build.0 = Release|iPhone
		{7B8C7D75-0938-4888-875A-90E3099505CB}.Release|iPhone.Deploy.0 = Release|iPhone
		{7B8C7D75-0938-4888-875A-90E3099505CB}.Release|iPhoneSimulator.ActiveCfg = Release|iPhoneSimulator
		{7B8C7D75-0938-4888-875A-90E3099505CB}.Release|iPhoneSimulator.Build.0 = Release|iPhoneSimulator
		{7B8C7D75-0938-4888-875A-90E3099505CB}.Release|iPhoneSimulator.Deploy.0 = Release|iPhoneSimulator
		{81DF1CCF-E565-44C8-BF63-16F3A64DB1D1}.Debug|Any CPU.ActiveCfg = Debug|Any CPU
		{81DF1CCF-E565-44C8-BF63-16F3A64DB1D1}.Debug|Any CPU.Build.0 = Debug|Any CPU
		{81DF1CCF-E565-44C8-BF63-16F3A64DB1D1}.Debug|Any CPU.Deploy.0 = Debug|Any CPU
		{81DF1CCF-E565-44C8-BF63-16F3A64DB1D1}.Debug|iPhone.ActiveCfg = Debug|Any CPU
		{81DF1CCF-E565-44C8-BF63-16F3A64DB1D1}.Debug|iPhone.Build.0 = Debug|Any CPU
		{81DF1CCF-E565-44C8-BF63-16F3A64DB1D1}.Debug|iPhone.Deploy.0 = Debug|Any CPU
		{81DF1CCF-E565-44C8-BF63-16F3A64DB1D1}.Debug|iPhoneSimulator.ActiveCfg = Debug|Any CPU
		{81DF1CCF-E565-44C8-BF63-16F3A64DB1D1}.Debug|iPhoneSimulator.Build.0 = Debug|Any CPU
		{81DF1CCF-E565-44C8-BF63-16F3A64DB1D1}.Debug|iPhoneSimulator.Deploy.0 = Debug|Any CPU
		{81DF1CCF-E565-44C8-BF63-16F3A64DB1D1}.Release|Any CPU.ActiveCfg = Release|Any CPU
		{81DF1CCF-E565-44C8-BF63-16F3A64DB1D1}.Release|Any CPU.Build.0 = Release|Any CPU
		{81DF1CCF-E565-44C8-BF63-16F3A64DB1D1}.Release|Any CPU.Deploy.0 = Release|Any CPU
		{81DF1CCF-E565-44C8-BF63-16F3A64DB1D1}.Release|iPhone.ActiveCfg = Release|Any CPU
		{81DF1CCF-E565-44C8-BF63-16F3A64DB1D1}.Release|iPhone.Build.0 = Release|Any CPU
		{81DF1CCF-E565-44C8-BF63-16F3A64DB1D1}.Release|iPhone.Deploy.0 = Release|Any CPU
		{81DF1CCF-E565-44C8-BF63-16F3A64DB1D1}.Release|iPhoneSimulator.ActiveCfg = Release|Any CPU
		{81DF1CCF-E565-44C8-BF63-16F3A64DB1D1}.Release|iPhoneSimulator.Build.0 = Release|Any CPU
		{81DF1CCF-E565-44C8-BF63-16F3A64DB1D1}.Release|iPhoneSimulator.Deploy.0 = Release|Any CPU
	EndGlobalSection
	GlobalSection(SolutionProperties) = preSolution
		HideSolutionNode = FALSE
	EndGlobalSection
	GlobalSection(ExtensibilityGlobals) = postSolution
		SolutionGuid = {835F8331-AC6B-42F9-A481-CDAFC2B0738A}
	EndGlobalSection
EndGlobal
